
Microsoft Visual Studio Solution File, Format Version 12.00
# Visual Studio Version 16
VisualStudioVersion = 16.0.31402.337
MinimumVisualStudioVersion = 10.0.40219.1
Project("{FAE04EC0-301F-11D3-BF4B-00C04F79EFBC}") = "Terea9", "Terea9.csproj", "{3969846D-52E8-4164-B5A4-BF666EE1215B}"
EndProject
Global
	GlobalSection(SolutionConfigurationPlatforms) = preSolution
		Debug|Any CPU = Debug|Any CPU
		Release|Any CPU = Release|Any CPU
	EndGlobalSection
	GlobalSection(ProjectConfigurationPlatforms) = postSolution
		{3969846D-52E8-4164-B5A4-BF666EE1215B}.Debug|Any CPU.ActiveCfg = Debug|Any CPU
		{3969846D-52E8-4164-B5A4-BF666EE1215B}.Debug|Any CPU.Build.0 = Debug|Any CPU
		{3969846D-52E8-4164-B5A4-BF666EE1215B}.Release|Any CPU.ActiveCfg = Release|Any CPU
		{3969846D-52E8-4164-B5A4-BF666EE1215B}.Release|Any CPU.Build.0 = Release|Any CPU
	EndGlobalSection
	GlobalSection(SolutionProperties) = preSolution
		HideSolutionNode = FALSE
	EndGlobalSection
	GlobalSection(ExtensibilityGlobals) = postSolution
		SolutionGuid = {24EA6756-E841-4270-9C5A-4994ADF05C7A}
	EndGlobalSection
EndGlobal
