
Microsoft Visual Studio Solution File, Format Version 12.00
# Visual Studio Version 16
VisualStudioVersion = 16.0.31410.357
MinimumVisualStudioVersion = 10.0.40219.1
Project("{FAE04EC0-301F-11D3-BF4B-00C04F79EFBC}") = "Tarea16", "Tarea16\Tarea16.csproj", "{C277C50A-C970-4659-A7D8-305619979AB6}"
EndProject
Global
	GlobalSection(SolutionConfigurationPlatforms) = preSolution
		Debug|Any CPU = Debug|Any CPU
		Release|Any CPU = Release|Any CPU
	EndGlobalSection
	GlobalSection(ProjectConfigurationPlatforms) = postSolution
		{C277C50A-C970-4659-A7D8-305619979AB6}.Debug|Any CPU.ActiveCfg = Debug|Any CPU
		{C277C50A-C970-4659-A7D8-305619979AB6}.Debug|Any CPU.Build.0 = Debug|Any CPU
		{C277C50A-C970-4659-A7D8-305619979AB6}.Release|Any CPU.ActiveCfg = Release|Any CPU
		{C277C50A-C970-4659-A7D8-305619979AB6}.Release|Any CPU.Build.0 = Release|Any CPU
	EndGlobalSection
	GlobalSection(SolutionProperties) = preSolution
		HideSolutionNode = FALSE
	EndGlobalSection
	GlobalSection(ExtensibilityGlobals) = postSolution
		SolutionGuid = {AD6B3D77-52C7-4770-A17B-2AADD529BB1D}
	EndGlobalSection
EndGlobal
