
Microsoft Visual Studio Solution File, Format Version 12.00
# Visual Studio Version 17
VisualStudioVersion = 17.0.31808.319
MinimumVisualStudioVersion = 10.0.40219.1
Project("{FAE04EC0-301F-11D3-BF4B-00C04F79EFBC}") = "WindowsFormsApp1", "WindowsFormsApp1.csproj", "{BF283B20-CDF0-4A62-8B96-BDE9644E2DF0}"
EndProject
Global
	GlobalSection(SolutionConfigurationPlatforms) = preSolution
		Debug|Any CPU = Debug|Any CPU
		Release|Any CPU = Release|Any CPU
	EndGlobalSection
	GlobalSection(ProjectConfigurationPlatforms) = postSolution
		{BF283B20-CDF0-4A62-8B96-BDE9644E2DF0}.Debug|Any CPU.ActiveCfg = Debug|Any CPU
		{BF283B20-CDF0-4A62-8B96-BDE9644E2DF0}.Debug|Any CPU.Build.0 = Debug|Any CPU
		{BF283B20-CDF0-4A62-8B96-BDE9644E2DF0}.Release|Any CPU.ActiveCfg = Release|Any CPU
		{BF283B20-CDF0-4A62-8B96-BDE9644E2DF0}.Release|Any CPU.Build.0 = Release|Any CPU
	EndGlobalSection
	GlobalSection(SolutionProperties) = preSolution
		HideSolutionNode = FALSE
	EndGlobalSection
	GlobalSection(ExtensibilityGlobals) = postSolution
		SolutionGuid = {E41BD733-3DF9-40D5-945B-A5834C1B9B27}
	EndGlobalSection
EndGlobal
