
Microsoft Visual Studio Solution File, Format Version 12.00
# Visual Studio Version 16
VisualStudioVersion = 16.0.31402.337
MinimumVisualStudioVersion = 10.0.40219.1
Project("{FAE04EC0-301F-11D3-BF4B-00C04F79EFBC}") = "Tarea18", "Tarea18.csproj", "{698B3C97-844C-424A-B22C-054FC2766D47}"
EndProject
Global
	GlobalSection(SolutionConfigurationPlatforms) = preSolution
		Debug|Any CPU = Debug|Any CPU
		Release|Any CPU = Release|Any CPU
	EndGlobalSection
	GlobalSection(ProjectConfigurationPlatforms) = postSolution
		{698B3C97-844C-424A-B22C-054FC2766D47}.Debug|Any CPU.ActiveCfg = Debug|Any CPU
		{698B3C97-844C-424A-B22C-054FC2766D47}.Debug|Any CPU.Build.0 = Debug|Any CPU
		{698B3C97-844C-424A-B22C-054FC2766D47}.Release|Any CPU.ActiveCfg = Release|Any CPU
		{698B3C97-844C-424A-B22C-054FC2766D47}.Release|Any CPU.Build.0 = Release|Any CPU
	EndGlobalSection
	GlobalSection(SolutionProperties) = preSolution
		HideSolutionNode = FALSE
	EndGlobalSection
	GlobalSection(ExtensibilityGlobals) = postSolution
		SolutionGuid = {23995D61-E519-4313-9933-37B849E8F1C0}
	EndGlobalSection
EndGlobal
