
Microsoft Visual Studio Solution File, Format Version 12.00
# Visual Studio Version 17
VisualStudioVersion = 17.0.31717.71
MinimumVisualStudioVersion = 10.0.40219.1
Project("{FAE04EC0-301F-11D3-BF4B-00C04F79EFBC}") = "Tarea1", "..\Tarea1\Tarea1.csproj", "{A54BF33C-B041-4B86-A862-89DD3CEFBEC0}"
EndProject
Project("{FAE04EC0-301F-11D3-BF4B-00C04F79EFBC}") = "Tarea2", "..\Tarea2\Tarea2.csproj", "{57DBFE33-DB0A-4AAF-980D-71A183E3B5B8}"
EndProject
Project("{FAE04EC0-301F-11D3-BF4B-00C04F79EFBC}") = "Tarea3", "..\Tarea3\Tarea3.csproj", "{BB8BC13C-2544-4B7C-895F-B8A9FE02587D}"
EndProject
Project("{FAE04EC0-301F-11D3-BF4B-00C04F79EFBC}") = "Tarea4", "..\Tarea4\Tarea4.csproj", "{A1B8C2DD-83F9-422F-86FA-34184F6022FC}"
EndProject
Project("{FAE04EC0-301F-11D3-BF4B-00C04F79EFBC}") = "Tarea5", "..\Tarea5\Tarea5.csproj", "{680030DD-B694-4A50-82D5-EA390AE87881}"
EndProject
Project("{FAE04EC0-301F-11D3-BF4B-00C04F79EFBC}") = "Tarea6", "..\Tarea6\Tarea6.csproj", "{2CDDD55D-218B-4BC2-9C40-9AFFDDC66A11}"
EndProject
Project("{FAE04EC0-301F-11D3-BF4B-00C04F79EFBC}") = "Tarea7", "..\Tarea7\Tarea7.csproj", "{218897E1-A809-4659-A7C7-E82571652437}"
EndProject
Project("{FAE04EC0-301F-11D3-BF4B-00C04F79EFBC}") = "Tarea8", "..\Tarea8\Tarea8.csproj", "{DD0E382E-ED15-48E0-AA72-5BE98BD4ABDF}"
EndProject
Project("{FAE04EC0-301F-11D3-BF4B-00C04F79EFBC}") = "Terea9", "..\Tarea9\Terea9.csproj", "{3969846D-52E8-4164-B5A4-BF666EE1215B}"
EndProject
Project("{FAE04EC0-301F-11D3-BF4B-00C04F79EFBC}") = "Tarea10", "..\Tarea10\Tarea10.csproj", "{4DD83E9B-1904-4D35-8E3B-40BD8EBBE971}"
EndProject
Project("{FAE04EC0-301F-11D3-BF4B-00C04F79EFBC}") = "Tarea10a", "..\Tarea10a\Tarea10a.csproj", "{0E5F59F8-4B05-402D-AF83-D0BF0FD6115D}"
EndProject
Project("{FAE04EC0-301F-11D3-BF4B-00C04F79EFBC}") = "Tarea10b", "..\Tarea10b\Tarea10b.csproj", "{55913F9A-7A97-4412-8622-48F7F79D3B91}"
EndProject
Project("{FAE04EC0-301F-11D3-BF4B-00C04F79EFBC}") = "Tarea10c", "..\Tarea10c\Tarea10c.csproj", "{64C9BED8-32AD-464A-B303-2DCC90F9C493}"
EndProject
Project("{FAE04EC0-301F-11D3-BF4B-00C04F79EFBC}") = "Tarea11", "..\Tarea11\Tarea11.csproj", "{133A767D-DD82-4FE1-9C35-D59AF31B9990}"
EndProject
Project("{FAE04EC0-301F-11D3-BF4B-00C04F79EFBC}") = "Tarea12", "..\Tarea12\Tarea12.csproj", "{BF48EF83-9EDA-4823-9B72-A41AB40EF41A}"
EndProject
Project("{FAE04EC0-301F-11D3-BF4B-00C04F79EFBC}") = "Tarea13", "..\Tarea13\Tarea13.csproj", "{40B35D77-38EF-40DA-9677-2283BD8DEA7D}"
EndProject
Project("{FAE04EC0-301F-11D3-BF4B-00C04F79EFBC}") = "Tarea14", "..\Tarea14\Tarea14.csproj", "{2F60A049-08F4-45C2-B666-5A3C9E27364A}"
EndProject
Project("{FAE04EC0-301F-11D3-BF4B-00C04F79EFBC}") = "Tarea15", "..\Tarea15\Tarea15.csproj", "{F4832023-D154-4FBE-A655-065BA444CD04}"
EndProject
Project("{FAE04EC0-301F-11D3-BF4B-00C04F79EFBC}") = "Tarea16", "..\Tarea16\Tarea16.csproj", "{8CAD3E6E-1700-4BBD-9CE9-5CBAD283C3C7}"
EndProject
Project("{FAE04EC0-301F-11D3-BF4B-00C04F79EFBC}") = "Tarea17", "..\Tarea17\Tarea17.csproj", "{B1FE0A2F-1559-45DD-8473-779CDF13BA18}"
EndProject
Project("{FAE04EC0-301F-11D3-BF4B-00C04F79EFBC}") = "Tarea18", "..\Tarea18\Tarea18.csproj", "{698B3C97-844C-424A-B22C-054FC2766D47}"
EndProject
Project("{FAE04EC0-301F-11D3-BF4B-00C04F79EFBC}") = "Tarea19", "..\Tarea19\Tarea19.csproj", "{776E572D-0440-4DF2-807C-D0888C42D9E9}"
EndProject
Project("{FAE04EC0-301F-11D3-BF4B-00C04F79EFBC}") = "Tarea20", "..\Tarea20\Tarea20\Tarea20.csproj", "{75037D1C-8B32-44F3-B152-2119D83EB95C}"
EndProject
Global
	GlobalSection(SolutionConfigurationPlatforms) = preSolution
		Debug|Any CPU = Debug|Any CPU
		Release|Any CPU = Release|Any CPU
	EndGlobalSection
	GlobalSection(ProjectConfigurationPlatforms) = postSolution
		{A54BF33C-B041-4B86-A862-89DD3CEFBEC0}.Debug|Any CPU.ActiveCfg = Debug|Any CPU
		{A54BF33C-B041-4B86-A862-89DD3CEFBEC0}.Debug|Any CPU.Build.0 = Debug|Any CPU
		{A54BF33C-B041-4B86-A862-89DD3CEFBEC0}.Release|Any CPU.ActiveCfg = Release|Any CPU
		{A54BF33C-B041-4B86-A862-89DD3CEFBEC0}.Release|Any CPU.Build.0 = Release|Any CPU
		{57DBFE33-DB0A-4AAF-980D-71A183E3B5B8}.Debug|Any CPU.ActiveCfg = Debug|Any CPU
		{57DBFE33-DB0A-4AAF-980D-71A183E3B5B8}.Debug|Any CPU.Build.0 = Debug|Any CPU
		{57DBFE33-DB0A-4AAF-980D-71A183E3B5B8}.Release|Any CPU.ActiveCfg = Release|Any CPU
		{57DBFE33-DB0A-4AAF-980D-71A183E3B5B8}.Release|Any CPU.Build.0 = Release|Any CPU
		{BB8BC13C-2544-4B7C-895F-B8A9FE02587D}.Debug|Any CPU.ActiveCfg = Debug|Any CPU
		{BB8BC13C-2544-4B7C-895F-B8A9FE02587D}.Debug|Any CPU.Build.0 = Debug|Any CPU
		{BB8BC13C-2544-4B7C-895F-B8A9FE02587D}.Release|Any CPU.ActiveCfg = Release|Any CPU
		{BB8BC13C-2544-4B7C-895F-B8A9FE02587D}.Release|Any CPU.Build.0 = Release|Any CPU
		{A1B8C2DD-83F9-422F-86FA-34184F6022FC}.Debug|Any CPU.ActiveCfg = Debug|Any CPU
		{A1B8C2DD-83F9-422F-86FA-34184F6022FC}.Debug|Any CPU.Build.0 = Debug|Any CPU
		{A1B8C2DD-83F9-422F-86FA-34184F6022FC}.Release|Any CPU.ActiveCfg = Release|Any CPU
		{A1B8C2DD-83F9-422F-86FA-34184F6022FC}.Release|Any CPU.Build.0 = Release|Any CPU
		{680030DD-B694-4A50-82D5-EA390AE87881}.Debug|Any CPU.ActiveCfg = Debug|Any CPU
		{680030DD-B694-4A50-82D5-EA390AE87881}.Debug|Any CPU.Build.0 = Debug|Any CPU
		{680030DD-B694-4A50-82D5-EA390AE87881}.Release|Any CPU.ActiveCfg = Release|Any CPU
		{680030DD-B694-4A50-82D5-EA390AE87881}.Release|Any CPU.Build.0 = Release|Any CPU
		{2CDDD55D-218B-4BC2-9C40-9AFFDDC66A11}.Debug|Any CPU.ActiveCfg = Debug|Any CPU
		{2CDDD55D-218B-4BC2-9C40-9AFFDDC66A11}.Debug|Any CPU.Build.0 = Debug|Any CPU
		{2CDDD55D-218B-4BC2-9C40-9AFFDDC66A11}.Release|Any CPU.ActiveCfg = Release|Any CPU
		{2CDDD55D-218B-4BC2-9C40-9AFFDDC66A11}.Release|Any CPU.Build.0 = Release|Any CPU
		{218897E1-A809-4659-A7C7-E82571652437}.Debug|Any CPU.ActiveCfg = Debug|Any CPU
		{218897E1-A809-4659-A7C7-E82571652437}.Debug|Any CPU.Build.0 = Debug|Any CPU
		{218897E1-A809-4659-A7C7-E82571652437}.Release|Any CPU.ActiveCfg = Release|Any CPU
		{218897E1-A809-4659-A7C7-E82571652437}.Release|Any CPU.Build.0 = Release|Any CPU
		{DD0E382E-ED15-48E0-AA72-5BE98BD4ABDF}.Debug|Any CPU.ActiveCfg = Debug|Any CPU
		{DD0E382E-ED15-48E0-AA72-5BE98BD4ABDF}.Debug|Any CPU.Build.0 = Debug|Any CPU
		{DD0E382E-ED15-48E0-AA72-5BE98BD4ABDF}.Release|Any CPU.ActiveCfg = Release|Any CPU
		{DD0E382E-ED15-48E0-AA72-5BE98BD4ABDF}.Release|Any CPU.Build.0 = Release|Any CPU
		{3969846D-52E8-4164-B5A4-BF666EE1215B}.Debug|Any CPU.ActiveCfg = Debug|Any CPU
		{3969846D-52E8-4164-B5A4-BF666EE1215B}.Debug|Any CPU.Build.0 = Debug|Any CPU
		{3969846D-52E8-4164-B5A4-BF666EE1215B}.Release|Any CPU.ActiveCfg = Release|Any CPU
		{3969846D-52E8-4164-B5A4-BF666EE1215B}.Release|Any CPU.Build.0 = Release|Any CPU
		{4DD83E9B-1904-4D35-8E3B-40BD8EBBE971}.Debug|Any CPU.ActiveCfg = Debug|Any CPU
		{4DD83E9B-1904-4D35-8E3B-40BD8EBBE971}.Debug|Any CPU.Build.0 = Debug|Any CPU
		{4DD83E9B-1904-4D35-8E3B-40BD8EBBE971}.Release|Any CPU.ActiveCfg = Release|Any CPU
		{4DD83E9B-1904-4D35-8E3B-40BD8EBBE971}.Release|Any CPU.Build.0 = Release|Any CPU
		{0E5F59F8-4B05-402D-AF83-D0BF0FD6115D}.Debug|Any CPU.ActiveCfg = Debug|Any CPU
		{0E5F59F8-4B05-402D-AF83-D0BF0FD6115D}.Debug|Any CPU.Build.0 = Debug|Any CPU
		{0E5F59F8-4B05-402D-AF83-D0BF0FD6115D}.Release|Any CPU.ActiveCfg = Release|Any CPU
		{0E5F59F8-4B05-402D-AF83-D0BF0FD6115D}.Release|Any CPU.Build.0 = Release|Any CPU
		{55913F9A-7A97-4412-8622-48F7F79D3B91}.Debug|Any CPU.ActiveCfg = Debug|Any CPU
		{55913F9A-7A97-4412-8622-48F7F79D3B91}.Debug|Any CPU.Build.0 = Debug|Any CPU
		{55913F9A-7A97-4412-8622-48F7F79D3B91}.Release|Any CPU.ActiveCfg = Release|Any CPU
		{55913F9A-7A97-4412-8622-48F7F79D3B91}.Release|Any CPU.Build.0 = Release|Any CPU
		{64C9BED8-32AD-464A-B303-2DCC90F9C493}.Debug|Any CPU.ActiveCfg = Debug|Any CPU
		{64C9BED8-32AD-464A-B303-2DCC90F9C493}.Debug|Any CPU.Build.0 = Debug|Any CPU
		{64C9BED8-32AD-464A-B303-2DCC90F9C493}.Release|Any CPU.ActiveCfg = Release|Any CPU
		{64C9BED8-32AD-464A-B303-2DCC90F9C493}.Release|Any CPU.Build.0 = Release|Any CPU
		{133A767D-DD82-4FE1-9C35-D59AF31B9990}.Debug|Any CPU.ActiveCfg = Debug|Any CPU
		{133A767D-DD82-4FE1-9C35-D59AF31B9990}.Debug|Any CPU.Build.0 = Debug|Any CPU
		{133A767D-DD82-4FE1-9C35-D59AF31B9990}.Release|Any CPU.ActiveCfg = Release|Any CPU
		{133A767D-DD82-4FE1-9C35-D59AF31B9990}.Release|Any CPU.Build.0 = Release|Any CPU
		{BF48EF83-9EDA-4823-9B72-A41AB40EF41A}.Debug|Any CPU.ActiveCfg = Debug|Any CPU
		{BF48EF83-9EDA-4823-9B72-A41AB40EF41A}.Debug|Any CPU.Build.0 = Debug|Any CPU
		{BF48EF83-9EDA-4823-9B72-A41AB40EF41A}.Release|Any CPU.ActiveCfg = Release|Any CPU
		{BF48EF83-9EDA-4823-9B72-A41AB40EF41A}.Release|Any CPU.Build.0 = Release|Any CPU
		{40B35D77-38EF-40DA-9677-2283BD8DEA7D}.Debug|Any CPU.ActiveCfg = Debug|Any CPU
		{40B35D77-38EF-40DA-9677-2283BD8DEA7D}.Debug|Any CPU.Build.0 = Debug|Any CPU
		{40B35D77-38EF-40DA-9677-2283BD8DEA7D}.Release|Any CPU.ActiveCfg = Release|Any CPU
		{40B35D77-38EF-40DA-9677-2283BD8DEA7D}.Release|Any CPU.Build.0 = Release|Any CPU
		{2F60A049-08F4-45C2-B666-5A3C9E27364A}.Debug|Any CPU.ActiveCfg = Debug|Any CPU
		{2F60A049-08F4-45C2-B666-5A3C9E27364A}.Debug|Any CPU.Build.0 = Debug|Any CPU
		{2F60A049-08F4-45C2-B666-5A3C9E27364A}.Release|Any CPU.ActiveCfg = Release|Any CPU
		{2F60A049-08F4-45C2-B666-5A3C9E27364A}.Release|Any CPU.Build.0 = Release|Any CPU
		{F4832023-D154-4FBE-A655-065BA444CD04}.Debug|Any CPU.ActiveCfg = Debug|Any CPU
		{F4832023-D154-4FBE-A655-065BA444CD04}.Debug|Any CPU.Build.0 = Debug|Any CPU
		{F4832023-D154-4FBE-A655-065BA444CD04}.Release|Any CPU.ActiveCfg = Release|Any CPU
		{F4832023-D154-4FBE-A655-065BA444CD04}.Release|Any CPU.Build.0 = Release|Any CPU
		{8CAD3E6E-1700-4BBD-9CE9-5CBAD283C3C7}.Debug|Any CPU.ActiveCfg = Debug|Any CPU
		{8CAD3E6E-1700-4BBD-9CE9-5CBAD283C3C7}.Debug|Any CPU.Build.0 = Debug|Any CPU
		{8CAD3E6E-1700-4BBD-9CE9-5CBAD283C3C7}.Release|Any CPU.ActiveCfg = Release|Any CPU
		{8CAD3E6E-1700-4BBD-9CE9-5CBAD283C3C7}.Release|Any CPU.Build.0 = Release|Any CPU
		{B1FE0A2F-1559-45DD-8473-779CDF13BA18}.Debug|Any CPU.ActiveCfg = Debug|Any CPU
		{B1FE0A2F-1559-45DD-8473-779CDF13BA18}.Debug|Any CPU.Build.0 = Debug|Any CPU
		{B1FE0A2F-1559-45DD-8473-779CDF13BA18}.Release|Any CPU.ActiveCfg = Release|Any CPU
		{B1FE0A2F-1559-45DD-8473-779CDF13BA18}.Release|Any CPU.Build.0 = Release|Any CPU
		{698B3C97-844C-424A-B22C-054FC2766D47}.Debug|Any CPU.ActiveCfg = Debug|Any CPU
		{698B3C97-844C-424A-B22C-054FC2766D47}.Debug|Any CPU.Build.0 = Debug|Any CPU
		{698B3C97-844C-424A-B22C-054FC2766D47}.Release|Any CPU.ActiveCfg = Release|Any CPU
		{698B3C97-844C-424A-B22C-054FC2766D47}.Release|Any CPU.Build.0 = Release|Any CPU
		{776E572D-0440-4DF2-807C-D0888C42D9E9}.Debug|Any CPU.ActiveCfg = Debug|Any CPU
		{776E572D-0440-4DF2-807C-D0888C42D9E9}.Debug|Any CPU.Build.0 = Debug|Any CPU
		{776E572D-0440-4DF2-807C-D0888C42D9E9}.Release|Any CPU.ActiveCfg = Release|Any CPU
		{776E572D-0440-4DF2-807C-D0888C42D9E9}.Release|Any CPU.Build.0 = Release|Any CPU
		{75037D1C-8B32-44F3-B152-2119D83EB95C}.Debug|Any CPU.ActiveCfg = Debug|Any CPU
		{75037D1C-8B32-44F3-B152-2119D83EB95C}.Debug|Any CPU.Build.0 = Debug|Any CPU
		{75037D1C-8B32-44F3-B152-2119D83EB95C}.Release|Any CPU.ActiveCfg = Release|Any CPU
		{75037D1C-8B32-44F3-B152-2119D83EB95C}.Release|Any CPU.Build.0 = Release|Any CPU
	EndGlobalSection
	GlobalSection(SolutionProperties) = preSolution
		HideSolutionNode = FALSE
	EndGlobalSection
	GlobalSection(ExtensibilityGlobals) = postSolution
		SolutionGuid = {96B74C2E-51C2-4316-81EE-1EEA69CA9267}
	EndGlobalSection
EndGlobal
