
Microsoft Visual Studio Solution File, Format Version 12.00
# Visual Studio Version 17
VisualStudioVersion = 17.0.31808.319
MinimumVisualStudioVersion = 10.0.40219.1
Project("{FAE04EC0-301F-11D3-BF4B-00C04F79EFBC}") = "Prog_01", "Prog_01\Prog_01.csproj", "{570D78E7-7F7A-442A-8906-B85ADCFA4E69}"
EndProject
Project("{FAE04EC0-301F-11D3-BF4B-00C04F79EFBC}") = "Prog_01_02", "Prog_01_02\Prog_01_02.csproj", "{34E87E03-44EF-437A-A47D-CC890E507DB2}"
EndProject
Project("{FAE04EC0-301F-11D3-BF4B-00C04F79EFBC}") = "Prog_01_03", "Prog_01_03\Prog_01_03.csproj", "{BED4DFA8-E42F-432F-8E19-BE93605A2343}"
EndProject
Global
	GlobalSection(SolutionConfigurationPlatforms) = preSolution
		Debug|Any CPU = Debug|Any CPU
		Release|Any CPU = Release|Any CPU
	EndGlobalSection
	GlobalSection(ProjectConfigurationPlatforms) = postSolution
		{570D78E7-7F7A-442A-8906-B85ADCFA4E69}.Debug|Any CPU.ActiveCfg = Debug|Any CPU
		{570D78E7-7F7A-442A-8906-B85ADCFA4E69}.Debug|Any CPU.Build.0 = Debug|Any CPU
		{570D78E7-7F7A-442A-8906-B85ADCFA4E69}.Release|Any CPU.ActiveCfg = Release|Any CPU
		{570D78E7-7F7A-442A-8906-B85ADCFA4E69}.Release|Any CPU.Build.0 = Release|Any CPU
		{34E87E03-44EF-437A-A47D-CC890E507DB2}.Debug|Any CPU.ActiveCfg = Debug|Any CPU
		{34E87E03-44EF-437A-A47D-CC890E507DB2}.Debug|Any CPU.Build.0 = Debug|Any CPU
		{34E87E03-44EF-437A-A47D-CC890E507DB2}.Release|Any CPU.ActiveCfg = Release|Any CPU
		{34E87E03-44EF-437A-A47D-CC890E507DB2}.Release|Any CPU.Build.0 = Release|Any CPU
		{BED4DFA8-E42F-432F-8E19-BE93605A2343}.Debug|Any CPU.ActiveCfg = Debug|Any CPU
		{BED4DFA8-E42F-432F-8E19-BE93605A2343}.Debug|Any CPU.Build.0 = Debug|Any CPU
		{BED4DFA8-E42F-432F-8E19-BE93605A2343}.Release|Any CPU.ActiveCfg = Release|Any CPU
		{BED4DFA8-E42F-432F-8E19-BE93605A2343}.Release|Any CPU.Build.0 = Release|Any CPU
	EndGlobalSection
	GlobalSection(SolutionProperties) = preSolution
		HideSolutionNode = FALSE
	EndGlobalSection
	GlobalSection(ExtensibilityGlobals) = postSolution
		SolutionGuid = {8E67FC32-80ED-4AF7-922F-505705CF674C}
	EndGlobalSection
EndGlobal
